
Microsoft Visual Studio Solution File, Format Version 12.00
# Visual Studio Version 16
VisualStudioVersion = 16.0.31205.134
MinimumVisualStudioVersion = 10.0.40219.1
Project("{FAE04EC0-301F-11D3-BF4B-00C04F79EFBC}") = "EFRepositoryBase", "EFRepositoryBase\EFRepositoryBase.csproj", "{8D226812-B319-4D10-9B3A-C29B014AF134}"
EndProject
Global
	GlobalSection(SolutionConfigurationPlatforms) = preSolution
		Debug|Any CPU = Debug|Any CPU
		Release|Any CPU = Release|Any CPU
	EndGlobalSection
	GlobalSection(ProjectConfigurationPlatforms) = postSolution
		{8D226812-B319-4D10-9B3A-C29B014AF134}.Debug|Any CPU.ActiveCfg = Debug|Any CPU
		{8D226812-B319-4D10-9B3A-C29B014AF134}.Debug|Any CPU.Build.0 = Debug|Any CPU
		{8D226812-B319-4D10-9B3A-C29B014AF134}.Release|Any CPU.ActiveCfg = Release|Any CPU
		{8D226812-B319-4D10-9B3A-C29B014AF134}.Release|Any CPU.Build.0 = Release|Any CPU
	EndGlobalSection
	GlobalSection(SolutionProperties) = preSolution
		HideSolutionNode = FALSE
	EndGlobalSection
	GlobalSection(ExtensibilityGlobals) = postSolution
		SolutionGuid = {E3FF127F-AC14-48D7-81F6-6F16E6BB0A29}
	EndGlobalSection
EndGlobal
