
Microsoft Visual Studio Solution File, Format Version 12.00
# Visual Studio Version 16
VisualStudioVersion = 16.0.31205.134
MinimumVisualStudioVersion = 10.0.40219.1
Project("{FAE04EC0-301F-11D3-BF4B-00C04F79EFBC}") = "TaskService", "TaskService\TaskService.csproj", "{95271BF6-1424-444E-9178-6497EEEA59C6}"
EndProject
Global
	GlobalSection(SolutionConfigurationPlatforms) = preSolution
		Debug|Any CPU = Debug|Any CPU
		Release|Any CPU = Release|Any CPU
	EndGlobalSection
	GlobalSection(ProjectConfigurationPlatforms) = postSolution
		{95271BF6-1424-444E-9178-6497EEEA59C6}.Debug|Any CPU.ActiveCfg = Debug|Any CPU
		{95271BF6-1424-444E-9178-6497EEEA59C6}.Debug|Any CPU.Build.0 = Debug|Any CPU
		{95271BF6-1424-444E-9178-6497EEEA59C6}.Release|Any CPU.ActiveCfg = Release|Any CPU
		{95271BF6-1424-444E-9178-6497EEEA59C6}.Release|Any CPU.Build.0 = Release|Any CPU
	EndGlobalSection
	GlobalSection(SolutionProperties) = preSolution
		HideSolutionNode = FALSE
	EndGlobalSection
	GlobalSection(ExtensibilityGlobals) = postSolution
		SolutionGuid = {368D7D90-2D59-465A-8899-23F16D3B2EAC}
	EndGlobalSection
EndGlobal
