
Microsoft Visual Studio Solution File, Format Version 12.00
# Visual Studio Version 16
VisualStudioVersion = 16.0.31205.134
MinimumVisualStudioVersion = 10.0.40219.1
Project("{FAE04EC0-301F-11D3-BF4B-00C04F79EFBC}") = "DapperRepositoryBase", "DapperRepositoryBase\DapperRepositoryBase.csproj", "{072405A8-C91B-43E2-8CA5-0255C3383FF1}"
EndProject
Global
	GlobalSection(SolutionConfigurationPlatforms) = preSolution
		Debug|Any CPU = Debug|Any CPU
		Release|Any CPU = Release|Any CPU
	EndGlobalSection
	GlobalSection(ProjectConfigurationPlatforms) = postSolution
		{072405A8-C91B-43E2-8CA5-0255C3383FF1}.Debug|Any CPU.ActiveCfg = Debug|Any CPU
		{072405A8-C91B-43E2-8CA5-0255C3383FF1}.Debug|Any CPU.Build.0 = Debug|Any CPU
		{072405A8-C91B-43E2-8CA5-0255C3383FF1}.Release|Any CPU.ActiveCfg = Release|Any CPU
		{072405A8-C91B-43E2-8CA5-0255C3383FF1}.Release|Any CPU.Build.0 = Release|Any CPU
	EndGlobalSection
	GlobalSection(SolutionProperties) = preSolution
		HideSolutionNode = FALSE
	EndGlobalSection
	GlobalSection(ExtensibilityGlobals) = postSolution
		SolutionGuid = {D5A812D2-35D5-4E55-BB4B-659028EA0913}
	EndGlobalSection
EndGlobal
